// !$*UTF8*$!
{
	archiveVersion = 1;
	classes = {
	};
	objectVersion = 77;
	objects = {

/* Begin PBXBuildFile section */
		897B5C252F2AED55008785C1 /* WidgetKit.framework in Frameworks */ = {isa = PBXBuildFile; fileRef = 897B5C242F2AED55008785C1 /* WidgetKit.framework */; };
		897B5C272F2AED55008785C1 /* SwiftUI.framework in Frameworks */ = {isa = PBXBuildFile; fileRef = 897B5C262F2AED55008785C1 /* SwiftUI.framework */; };
		897B5C362F2AED56008785C1 /* CreatorAnalyticsWidgetExtension.appex in Embed Foundation Extensions */ = {isa = PBXBuildFile; fileRef = 897B5C222F2AED55008785C1 /* CreatorAnalyticsWidgetExtension.appex */; settings = {ATTRIBUTES = (RemoveHeadersOnCopy, ); }; };
/* End PBXBuildFile section */

/* Begin PBXContainerItemProxy section */
		897B5BF62F2AEC23008785C1 /* PBXContainerItemProxy */ = {
			isa = PBXContainerItemProxy;
			containerPortal = 897B5BE02F2AEC22008785C1 /* Project object */;
			proxyType = 1;
			remoteGlobalIDString = 897B5BE72F2AEC22008785C1;
			remoteInfo = StarCyCreatorAnalytics;
		};
		897B5C002F2AEC23008785C1 /* PBXContainerItemProxy */ = {
			isa = PBXContainerItemProxy;
			containerPortal = 897B5BE02F2AEC22008785C1 /* Project object */;
			proxyType = 1;
			remoteGlobalIDString = 897B5BE72F2AEC22008785C1;
			remoteInfo = StarCyCreatorAnalytics;
		};
		897B5C342F2AED56008785C1 /* PBXContainerItemProxy */ = {
			isa = PBXContainerItemProxy;
			containerPortal = 897B5BE02F2AEC22008785C1 /* Project object */;
			proxyType = 1;
			remoteGlobalIDString = 897B5C212F2AED55008785C1;
			remoteInfo = CreatorAnalyticsWidgetExtension;
		};
/* End PBXContainerItemProxy section */

/* Begin PBXCopyFilesBuildPhase section */
		897B5C372F2AED56008785C1 /* Embed Foundation Extensions */ = {
			isa = PBXCopyFilesBuildPhase;
			buildActionMask = 2147483647;
			dstPath = "";
			dstSubfolderSpec = 13;
			files = (
				897B5C362F2AED56008785C1 /* CreatorAnalyticsWidgetExtension.appex in Embed Foundation Extensions */,
			);
			name = "Embed Foundation Extensions";
			runOnlyForDeploymentPostprocessing = 0;
		};
/* End PBXCopyFilesBuildPhase section */

/* Begin PBXFileReference section */
		897B5BE82F2AEC22008785C1 /* StarCyCreatorAnalytics.app */ = {isa = PBXFileReference; explicitFileType = wrapper.application; includeInIndex = 0; path = StarCyCreatorAnalytics.app; sourceTree = BUILT_PRODUCTS_DIR; };
		897B5BF52F2AEC23008785C1 /* StarCyCreatorAnalyticsTests.xctest */ = {isa = PBXFileReference; explicitFileType = wrapper.cfbundle; includeInIndex = 0; path = StarCyCreatorAnalyticsTests.xctest; sourceTree = BUILT_PRODUCTS_DIR; };
		897B5BFF2F2AEC23008785C1 /* StarCyCreatorAnalyticsUITests.xctest */ = {isa = PBXFileReference; explicitFileType = wrapper.cfbundle; includeInIndex = 0; path = StarCyCreatorAnalyticsUITests.xctest; sourceTree = BUILT_PRODUCTS_DIR; };
		897B5C222F2AED55008785C1 /* CreatorAnalyticsWidgetExtension.appex */ = {isa = PBXFileReference; explicitFileType = "wrapper.app-extension"; includeInIndex = 0; path = CreatorAnalyticsWidgetExtension.appex; sourceTree = BUILT_PRODUCTS_DIR; };
		897B5C242F2AED55008785C1 /* WidgetKit.framework */ = {isa = PBXFileReference; lastKnownFileType = wrapper.framework; name = WidgetKit.framework; path = System/Library/Frameworks/WidgetKit.framework; sourceTree = SDKROOT; };
		897B5C262F2AED55008785C1 /* SwiftUI.framework */ = {isa = PBXFileReference; lastKnownFileType = wrapper.framework; name = SwiftUI.framework; path = System/Library/Frameworks/SwiftUI.framework; sourceTree = SDKROOT; };
/* End PBXFileReference section */

/* Begin PBXFileSystemSynchronizedBuildFileExceptionSet section */
		897B5C3A2F2AED56008785C1 /* Exceptions for "CreatorAnalyticsWidget" folder in "CreatorAnalyticsWidgetExtension" target */ = {
			isa = PBXFileSystemSynchronizedBuildFileExceptionSet;
			membershipExceptions = (
				Info.plist,
			);
			target = 897B5C212F2AED55008785C1 /* CreatorAnalyticsWidgetExtension */;
		};
		897B5C3D2F2AEDFF008785C1 /* Exceptions for "StarCyCreatorAnalytics" folder in "StarCyCreatorAnalytics" target */ = {
			isa = PBXFileSystemSynchronizedBuildFileExceptionSet;
			membershipExceptions = (
				Info.plist,
			);
			target = 897B5BE72F2AEC22008785C1 /* StarCyCreatorAnalytics */;
		};
		897B5C692F2B13B7008785C1 /* Exceptions for "StarCyCreatorAnalytics" folder in "CreatorAnalyticsWidgetExtension" target */ = {
			isa = PBXFileSystemSynchronizedBuildFileExceptionSet;
			membershipExceptions = (
				Assets.xcassets,
				CreatorAnalyticsAttributes.swift,
			);
			target = 897B5C212F2AED55008785C1 /* CreatorAnalyticsWidgetExtension */;
		};
/* End PBXFileSystemSynchronizedBuildFileExceptionSet section */

/* Begin PBXFileSystemSynchronizedRootGroup section */
		897B5BEA2F2AEC22008785C1 /* StarCyCreatorAnalytics */ = {
			isa = PBXFileSystemSynchronizedRootGroup;
			exceptions = (
				897B5C3D2F2AEDFF008785C1 /* Exceptions for "StarCyCreatorAnalytics" folder in "StarCyCreatorAnalytics" target */,
				897B5C692F2B13B7008785C1 /* Exceptions for "StarCyCreatorAnalytics" folder in "CreatorAnalyticsWidgetExtension" target */,
			);
			path = StarCyCreatorAnalytics;
			sourceTree = "<group>";
		};
		897B5BF82F2AEC23008785C1 /* StarCyCreatorAnalyticsTests */ = {
			isa = PBXFileSystemSynchronizedRootGroup;
			path = StarCyCreatorAnalyticsTests;
			sourceTree = "<group>";
		};
		897B5C022F2AEC23008785C1 /* StarCyCreatorAnalyticsUITests */ = {
			isa = PBXFileSystemSynchronizedRootGroup;
			path = StarCyCreatorAnalyticsUITests;
			sourceTree = "<group>";
		};
		897B5C282F2AED55008785C1 /* CreatorAnalyticsWidget */ = {
			isa = PBXFileSystemSynchronizedRootGroup;
			exceptions = (
				897B5C3A2F2AED56008785C1 /* Exceptions for "CreatorAnalyticsWidget" folder in "CreatorAnalyticsWidgetExtension" target */,
			);
			path = CreatorAnalyticsWidget;
			sourceTree = "<group>";
		};
/* End PBXFileSystemSynchronizedRootGroup section */

/* Begin PBXFrameworksBuildPhase section */
		897B5BE52F2AEC22008785C1 /* Frameworks */ = {
			isa = PBXFrameworksBuildPhase;
			buildActionMask = 2147483647;
			files = (
			);
			runOnlyForDeploymentPostprocessing = 0;
		};
		897B5BF22F2AEC23008785C1 /* Frameworks */ = {
			isa = PBXFrameworksBuildPhase;
			buildActionMask = 2147483647;
			files = (
			);
			runOnlyForDeploymentPostprocessing = 0;
		};
		897B5BFC2F2AEC23008785C1 /* Frameworks */ = {
			isa = PBXFrameworksBuildPhase;
			buildActionMask = 2147483647;
			files = (
			);
			runOnlyForDeploymentPostprocessing = 0;
		};
		897B5C1F2F2AED55008785C1 /* Frameworks */ = {
			isa = PBXFrameworksBuildPhase;
			buildActionMask = 2147483647;
			files = (
				897B5C272F2AED55008785C1 /* SwiftUI.framework in Frameworks */,
				897B5C252F2AED55008785C1 /* WidgetKit.framework in Frameworks */,
			);
			runOnlyForDeploymentPostprocessing = 0;
		};
/* End PBXFrameworksBuildPhase section */

/* Begin PBXGroup section */
		897B5BDF2F2AEC22008785C1 = {
			isa = PBXGroup;
			children = (
				897B5BEA2F2AEC22008785C1 /* StarCyCreatorAnalytics */,
				897B5BF82F2AEC23008785C1 /* StarCyCreatorAnalyticsTests */,
				897B5C022F2AEC23008785C1 /* StarCyCreatorAnalyticsUITests */,
				897B5C282F2AED55008785C1 /* CreatorAnalyticsWidget */,
				897B5C232F2AED55008785C1 /* Frameworks */,
				897B5BE92F2AEC22008785C1 /* Products */,
			);
			sourceTree = "<group>";
		};
		897B5BE92F2AEC22008785C1 /* Products */ = {
			isa = PBXGroup;
			children = (
				897B5BE82F2AEC22008785C1 /* StarCyCreatorAnalytics.app */,
				897B5BF52F2AEC23008785C1 /* StarCyCreatorAnalyticsTests.xctest */,
				897B5BFF2F2AEC23008785C1 /* StarCyCreatorAnalyticsUITests.xctest */,
				897B5C222F2AED55008785C1 /* CreatorAnalyticsWidgetExtension.appex */,
			);
			name = Products;
			sourceTree = "<group>";
		};
		897B5C232F2AED55008785C1 /* Frameworks */ = {
			isa = PBXGroup;
			children = (
				897B5C242F2AED55008785C1 /* WidgetKit.framework */,
				897B5C262F2AED55008785C1 /* SwiftUI.framework */,
			);
			name = Frameworks;
			sourceTree = "<group>";
		};
/* End PBXGroup section */

/* Begin PBXNativeTarget section */
		897B5BE72F2AEC22008785C1 /* StarCyCreatorAnalytics */ = {
			isa = PBXNativeTarget;
			buildConfigurationList = 897B5C092F2AEC23008785C1 /* Build configuration list for PBXNativeTarget "StarCyCreatorAnalytics" */;
			buildPhases = (
				897B5BE42F2AEC22008785C1 /* Sources */,
				897B5BE52F2AEC22008785C1 /* Frameworks */,
				897B5BE62F2AEC22008785C1 /* Resources */,
				897B5C372F2AED56008785C1 /* Embed Foundation Extensions */,
			);
			buildRules = (
			);
			dependencies = (
				897B5C352F2AED56008785C1 /* PBXTargetDependency */,
			);
			fileSystemSynchronizedGroups = (
				897B5BEA2F2AEC22008785C1 /* StarCyCreatorAnalytics */,
			);
			name = StarCyCreatorAnalytics;
			packageProductDependencies = (
			);
			productName = StarCyCreatorAnalytics;
			productReference = 897B5BE82F2AEC22008785C1 /* StarCyCreatorAnalytics.app */;
			productType = "com.apple.product-type.application";
		};
		897B5BF42F2AEC23008785C1 /* StarCyCreatorAnalyticsTests */ = {
			isa = PBXNativeTarget;
			buildConfigurationList = 897B5C0C2F2AEC23008785C1 /* Build configuration list for PBXNativeTarget "StarCyCreatorAnalyticsTests" */;
			buildPhases = (
				897B5BF12F2AEC23008785C1 /* Sources */,
				897B5BF22F2AEC23008785C1 /* Frameworks */,
				897B5BF32F2AEC23008785C1 /* Resources */,
			);
			buildRules = (
			);
			dependencies = (
				897B5BF72F2AEC23008785C1 /* PBXTargetDependency */,
			);
			fileSystemSynchronizedGroups = (
				897B5BF82F2AEC23008785C1 /* StarCyCreatorAnalyticsTests */,
			);
			name = StarCyCreatorAnalyticsTests;
			packageProductDependencies = (
			);
			productName = StarCyCreatorAnalyticsTests;
			productReference = 897B5BF52F2AEC23008785C1 /* StarCyCreatorAnalyticsTests.xctest */;
			productType = "com.apple.product-type.bundle.unit-test";
		};
		897B5BFE2F2AEC23008785C1 /* StarCyCreatorAnalyticsUITests */ = {
			isa = PBXNativeTarget;
			buildConfigurationList = 897B5C0F2F2AEC23008785C1 /* Build configuration list for PBXNativeTarget "StarCyCreatorAnalyticsUITests" */;
			buildPhases = (
				897B5BFB2F2AEC23008785C1 /* Sources */,
				897B5BFC2F2AEC23008785C1 /* Frameworks */,
				897B5BFD2F2AEC23008785C1 /* Resources */,
			);
			buildRules = (
			);
			dependencies = (
				897B5C012F2AEC23008785C1 /* PBXTargetDependency */,
			);
			fileSystemSynchronizedGroups = (
				897B5C022F2AEC23008785C1 /* StarCyCreatorAnalyticsUITests */,
			);
			name = StarCyCreatorAnalyticsUITests;
			packageProductDependencies = (
			);
			productName = StarCyCreatorAnalyticsUITests;
			productReference = 897B5BFF2F2AEC23008785C1 /* StarCyCreatorAnalyticsUITests.xctest */;
			productType = "com.apple.product-type.bundle.ui-testing";
		};
		897B5C212F2AED55008785C1 /* CreatorAnalyticsWidgetExtension */ = {
			isa = PBXNativeTarget;
			buildConfigurationList = 897B5C3B2F2AED56008785C1 /* Build configuration list for PBXNativeTarget "CreatorAnalyticsWidgetExtension" */;
			buildPhases = (
				897B5C1E2F2AED55008785C1 /* Sources */,
				897B5C1F2F2AED55008785C1 /* Frameworks */,
				897B5C202F2AED55008785C1 /* Resources */,
			);
			buildRules = (
			);
			dependencies = (
			);
			fileSystemSynchronizedGroups = (
				897B5C282F2AED55008785C1 /* CreatorAnalyticsWidget */,
			);
			name = CreatorAnalyticsWidgetExtension;
			packageProductDependencies = (
			);
			productName = CreatorAnalyticsWidgetExtension;
			productReference = 897B5C222F2AED55008785C1 /* CreatorAnalyticsWidgetExtension.appex */;
			productType = "com.apple.product-type.app-extension";
		};
/* End PBXNativeTarget section */

/* Begin PBXProject section */
		897B5BE02F2AEC22008785C1 /* Project object */ = {
			isa = PBXProject;
			attributes = {
				BuildIndependentTargetsInParallel = 1;
				LastSwiftUpdateCheck = 2610;
				LastUpgradeCheck = 2610;
				TargetAttributes = {
					897B5BE72F2AEC22008785C1 = {
						CreatedOnToolsVersion = 26.1.1;
					};
					897B5BF42F2AEC23008785C1 = {
						CreatedOnToolsVersion = 26.1.1;
						TestTargetID = 897B5BE72F2AEC22008785C1;
					};
					897B5BFE2F2AEC23008785C1 = {
						CreatedOnToolsVersion = 26.1.1;
						TestTargetID = 897B5BE72F2AEC22008785C1;
					};
					897B5C212F2AED55008785C1 = {
						CreatedOnToolsVersion = 26.1.1;
					};
				};
			};
			buildConfigurationList = 897B5BE32F2AEC22008785C1 /* Build configuration list for PBXProject "StarCyCreatorAnalytics" */;
			developmentRegion = en;
			hasScannedForEncodings = 0;
			knownRegions = (
				en,
				Base,
			);
			mainGroup = 897B5BDF2F2AEC22008785C1;
			minimizedProjectReferenceProxies = 1;
			preferredProjectObjectVersion = 77;
			productRefGroup = 897B5BE92F2AEC22008785C1 /* Products */;
			projectDirPath = "";
			projectRoot = "";
			targets = (
				897B5BE72F2AEC22008785C1 /* StarCyCreatorAnalytics */,
				897B5BF42F2AEC23008785C1 /* StarCyCreatorAnalyticsTests */,
				897B5BFE2F2AEC23008785C1 /* StarCyCreatorAnalyticsUITests */,
				897B5C212F2AED55008785C1 /* CreatorAnalyticsWidgetExtension */,
			);
		};
/* End PBXProject section */

/* Begin PBXResourcesBuildPhase section */
		897B5BE62F2AEC22008785C1 /* Resources */ = {
			isa = PBXResourcesBuildPhase;
			buildActionMask = 2147483647;
			files = (
			);
			runOnlyForDeploymentPostprocessing = 0;
		};
		897B5BF32F2AEC23008785C1 /* Resources */ = {
			isa = PBXResourcesBuildPhase;
			buildActionMask = 2147483647;
			files = (
			);
			runOnlyForDeploymentPostprocessing = 0;
		};
		897B5BFD2F2AEC23008785C1 /* Resources */ = {
			isa = PBXResourcesBuildPhase;
			buildActionMask = 2147483647;
			files = (
			);
			runOnlyForDeploymentPostprocessing = 0;
		};
		897B5C202F2AED55008785C1 /* Resources */ = {
			isa = PBXResourcesBuildPhase;
			buildActionMask = 2147483647;
			files = (
			);
			runOnlyForDeploymentPostprocessing = 0;
		};
/* End PBXResourcesBuildPhase section */

/* Begin PBXSourcesBuildPhase section */
		897B5BE42F2AEC22008785C1 /* Sources */ = {
			isa = PBXSourcesBuildPhase;
			buildActionMask = 2147483647;
			files = (
			);
			runOnlyForDeploymentPostprocessing = 0;
		};
		897B5BF12F2AEC23008785C1 /* Sources */ = {
			isa = PBXSourcesBuildPhase;
			buildActionMask = 2147483647;
			files = (
			);
			runOnlyForDeploymentPostprocessing = 0;
		};
		897B5BFB2F2AEC23008785C1 /* Sources */ = {
			isa = PBXSourcesBuildPhase;
			buildActionMask = 2147483647;
			files = (
			);
			runOnlyForDeploymentPostprocessing = 0;
		};
		897B5C1E2F2AED55008785C1 /* Sources */ = {
			isa = PBXSourcesBuildPhase;
			buildActionMask = 2147483647;
			files = (
			);
			runOnlyForDeploymentPostprocessing = 0;
		};
/* End PBXSourcesBuildPhase section */

/* Begin PBXTargetDependency section */
		897B5BF72F2AEC23008785C1 /* PBXTargetDependency */ = {
			isa = PBXTargetDependency;
			target = 897B5BE72F2AEC22008785C1 /* StarCyCreatorAnalytics */;
			targetProxy = 897B5BF62F2AEC23008785C1 /* PBXContainerItemProxy */;
		};
		897B5C012F2AEC23008785C1 /* PBXTargetDependency */ = {
			isa = PBXTargetDependency;
			target = 897B5BE72F2AEC22008785C1 /* StarCyCreatorAnalytics */;
			targetProxy = 897B5C002F2AEC23008785C1 /* PBXContainerItemProxy */;
		};
		897B5C352F2AED56008785C1 /* PBXTargetDependency */ = {
			isa = PBXTargetDependency;
			target = 897B5C212F2AED55008785C1 /* CreatorAnalyticsWidgetExtension */;
			targetProxy = 897B5C342F2AED56008785C1 /* PBXContainerItemProxy */;
		};
/* End PBXTargetDependency section */

/* Begin XCBuildConfiguration section */
		897B5C072F2AEC23008785C1 /* Debug */ = {
			isa = XCBuildConfiguration;
			buildSettings = {
				ALWAYS_SEARCH_USER_PATHS = NO;
				ASSETCATALOG_COMPILER_GENERATE_SWIFT_ASSET_SYMBOL_EXTENSIONS = YES;
				CLANG_ANALYZER_NONNULL = YES;
				CLANG_ANALYZER_NUMBER_OBJECT_CONVERSION = YES_AGGRESSIVE;
				CLANG_CXX_LANGUAGE_STANDARD = "gnu++20";
				CLANG_ENABLE_MODULES = YES;
				CLANG_ENABLE_OBJC_ARC = YES;
				CLANG_ENABLE_OBJC_WEAK = YES;
				CLANG_WARN_BLOCK_CAPTURE_AUTORELEASING = YES;
				CLANG_WARN_BOOL_CONVERSION = YES;
				CLANG_WARN_COMMA = YES;
				CLANG_WARN_CONSTANT_CONVERSION = YES;
				CLANG_WARN_DEPRECATED_OBJC_IMPLEMENTATIONS = YES;
				CLANG_WARN_DIRECT_OBJC_ISA_USAGE = YES_ERROR;
				CLANG_WARN_DOCUMENTATION_COMMENTS = YES;
				CLANG_WARN_EMPTY_BODY = YES;
				CLANG_WARN_ENUM_CONVERSION = YES;
				CLANG_WARN_INFINITE_RECURSION = YES;
				CLANG_WARN_INT_CONVERSION = YES;
				CLANG_WARN_NON_LITERAL_NULL_CONVERSION = YES;
				CLANG_WARN_OBJC_IMPLICIT_RETAIN_SELF = YES;
				CLANG_WARN_OBJC_LITERAL_CONVERSION = YES;
				CLANG_WARN_OBJC_ROOT_CLASS = YES_ERROR;
				CLANG_WARN_QUOTED_INCLUDE_IN_FRAMEWORK_HEADER = YES;
				CLANG_WARN_RANGE_LOOP_ANALYSIS = YES;
				CLANG_WARN_STRICT_PROTOTYPES = YES;
				CLANG_WARN_SUSPICIOUS_MOVE = YES;
				CLANG_WARN_UNGUARDED_AVAILABILITY = YES_AGGRESSIVE;
				CLANG_WARN_UNREACHABLE_CODE = YES;
				CLANG_WARN__DUPLICATE_METHOD_MATCH = YES;
				COPY_PHASE_STRIP = NO;
				DEBUG_INFORMATION_FORMAT = dwarf;
				ENABLE_STRICT_OBJC_MSGSEND = YES;
				ENABLE_TESTABILITY = YES;
				ENABLE_USER_SCRIPT_SANDBOXING = YES;
				GCC_C_LANGUAGE_STANDARD = gnu17;
				GCC_DYNAMIC_NO_PIC = NO;
				GCC_NO_COMMON_BLOCKS = YES;
				GCC_OPTIMIZATION_LEVEL = 0;
				GCC_PREPROCESSOR_DEFINITIONS = (
					"DEBUG=1",
					"$(inherited)",
				);
				GCC_WARN_64_TO_32_BIT_CONVERSION = YES;
				GCC_WARN_ABOUT_RETURN_TYPE = YES_ERROR;
				GCC_WARN_UNDECLARED_SELECTOR = YES;
				GCC_WARN_UNINITIALIZED_AUTOS = YES_AGGRESSIVE;
				GCC_WARN_UNUSED_FUNCTION = YES;
				GCC_WARN_UNUSED_VARIABLE = YES;
				IPHONEOS_DEPLOYMENT_TARGET = 26.1;
				LOCALIZATION_PREFERS_STRING_CATALOGS = YES;
				MTL_ENABLE_DEBUG_INFO = INCLUDE_SOURCE;
				MTL_FAST_MATH = YES;
				ONLY_ACTIVE_ARCH = YES;
				SDKROOT = iphoneos;
				SWIFT_ACTIVE_COMPILATION_CONDITIONS = "DEBUG $(inherited)";
				SWIFT_OPTIMIZATION_LEVEL = "-Onone";
			};
			name = Debug;
		};
		897B5C082F2AEC23008785C1 /* Release */ = {
			isa = XCBuildConfiguration;
			buildSettings = {
				ALWAYS_SEARCH_USER_PATHS = NO;
				ASSETCATALOG_COMPILER_GENERATE_SWIFT_ASSET_SYMBOL_EXTENSIONS = YES;
				CLANG_ANALYZER_NONNULL = YES;
				CLANG_ANALYZER_NUMBER_OBJECT_CONVERSION = YES_AGGRESSIVE;
				CLANG_CXX_LANGUAGE_STANDARD = "gnu++20";
				CLANG_ENABLE_MODULES = YES;
				CLANG_ENABLE_OBJC_ARC = YES;
				CLANG_ENABLE_OBJC_WEAK = YES;
				CLANG_WARN_BLOCK_CAPTURE_AUTORELEASING = YES;
				CLANG_WARN_BOOL_CONVERSION = YES;
				CLANG_WARN_COMMA = YES;
				CLANG_WARN_CONSTANT_CONVERSION = YES;
				CLANG_WARN_DEPRECATED_OBJC_IMPLEMENTATIONS = YES;
				CLANG_WARN_DIRECT_OBJC_ISA_USAGE = YES_ERROR;
				CLANG_WARN_DOCUMENTATION_COMMENTS = YES;
				CLANG_WARN_EMPTY_BODY = YES;
				CLANG_WARN_ENUM_CONVERSION = YES;
				CLANG_WARN_INFINITE_RECURSION = YES;
				CLANG_WARN_INT_CONVERSION = YES;
				CLANG_WARN_NON_LITERAL_NULL_CONVERSION = YES;
				CLANG_WARN_OBJC_IMPLICIT_RETAIN_SELF = YES;
				CLANG_WARN_OBJC_LITERAL_CONVERSION = YES;
				CLANG_WARN_OBJC_ROOT_CLASS = YES_ERROR;
				CLANG_WARN_QUOTED_INCLUDE_IN_FRAMEWORK_HEADER = YES;
				CLANG_WARN_RANGE_LOOP_ANALYSIS = YES;
				CLANG_WARN_STRICT_PROTOTYPES = YES;
				CLANG_WARN_SUSPICIOUS_MOVE = YES;
				CLANG_WARN_UNGUARDED_AVAILABILITY = YES_AGGRESSIVE;
				CLANG_WARN_UNREACHABLE_CODE = YES;
				CLANG_WARN__DUPLICATE_METHOD_MATCH = YES;
				COPY_PHASE_STRIP = NO;
				DEBUG_INFORMATION_FORMAT = "dwarf-with-dsym";
				ENABLE_NS_ASSERTIONS = NO;
				ENABLE_STRICT_OBJC_MSGSEND = YES;
				ENABLE_USER_SCRIPT_SANDBOXING = YES;
				GCC_C_LANGUAGE_STANDARD = gnu17;
				GCC_NO_COMMON_BLOCKS = YES;
				GCC_WARN_64_TO_32_BIT_CONVERSION = YES;
				GCC_WARN_ABOUT_RETURN_TYPE = YES_ERROR;
				GCC_WARN_UNDECLARED_SELECTOR = YES;
				GCC_WARN_UNINITIALIZED_AUTOS = YES_AGGRESSIVE;
				GCC_WARN_UNUSED_FUNCTION = YES;
				GCC_WARN_UNUSED_VARIABLE = YES;
				IPHONEOS_DEPLOYMENT_TARGET = 26.1;
				LOCALIZATION_PREFERS_STRING_CATALOGS = YES;
				MTL_ENABLE_DEBUG_INFO = NO;
				MTL_FAST_MATH = YES;
				SDKROOT = iphoneos;
				SWIFT_COMPILATION_MODE = wholemodule;
				VALIDATE_PRODUCT = YES;
			};
			name = Release;
		};
		897B5C0A2F2AEC23008785C1 /* Debug */ = {
			isa = XCBuildConfiguration;
			buildSettings = {
				ASSETCATALOG_COMPILER_APPICON_NAME = AppIcon;
				ASSETCATALOG_COMPILER_GLOBAL_ACCENT_COLOR_NAME = AccentColor;
				CODE_SIGN_STYLE = Automatic;
				CURRENT_PROJECT_VERSION = 1;
				DEVELOPMENT_TEAM = 75R6X57DT2;
				ENABLE_PREVIEWS = YES;
				GENERATE_INFOPLIST_FILE = YES;
				INFOPLIST_FILE = StarCyCreatorAnalytics/Info.plist;
				INFOPLIST_KEY_NSSupportsLiveActivities = YES;
				INFOPLIST_KEY_UIApplicationSceneManifest_Generation = YES;
				INFOPLIST_KEY_UIApplicationSupportsIndirectInputEvents = YES;
				INFOPLIST_KEY_UILaunchScreen_Generation = YES;
				INFOPLIST_KEY_UISupportedInterfaceOrientations_iPad = "UIInterfaceOrientationPortrait UIInterfaceOrientationPortraitUpsideDown UIInterfaceOrientationLandscapeLeft UIInterfaceOrientationLandscapeRight";
				INFOPLIST_KEY_UISupportedInterfaceOrientations_iPhone = "UIInterfaceOrientationPortrait UIInterfaceOrientationLandscapeLeft UIInterfaceOrientationLandscapeRight";
				LD_RUNPATH_SEARCH_PATHS = (
					"$(inherited)",
					"@executable_path/Frameworks",
				);
				MARKETING_VERSION = 1.0;
				PRODUCT_BUNDLE_IDENTIFIER = Sean.StarCyCreatorAnalytics;
				PRODUCT_NAME = "$(TARGET_NAME)";
				STRING_CATALOG_GENERATE_SYMBOLS = YES;
				SWIFT_APPROACHABLE_CONCURRENCY = YES;
				SWIFT_DEFAULT_ACTOR_ISOLATION = MainActor;
				SWIFT_EMIT_LOC_STRINGS = YES;
				SWIFT_UPCOMING_FEATURE_MEMBER_IMPORT_VISIBILITY = YES;
				SWIFT_VERSION = 5.0;
				TARGETED_DEVICE_FAMILY = "1,2";
			};
			name = Debug;
		};
		897B5C0B2F2AEC23008785C1 /* Release */ = {
			isa = XCBuildConfiguration;
			buildSettings = {
				ASSETCATALOG_COMPILER_APPICON_NAME = AppIcon;
				ASSETCATALOG_COMPILER_GLOBAL_ACCENT_COLOR_NAME = AccentColor;
				CODE_SIGN_STYLE = Automatic;
				CURRENT_PROJECT_VERSION = 1;
				DEVELOPMENT_TEAM = 75R6X57DT2;
				ENABLE_PREVIEWS = YES;
				GENERATE_INFOPLIST_FILE = YES;
				INFOPLIST_FILE = StarCyCreatorAnalytics/Info.plist;
				INFOPLIST_KEY_NSSupportsLiveActivities = YES;
				INFOPLIST_KEY_UIApplicationSceneManifest_Generation = YES;
				INFOPLIST_KEY_UIApplicationSupportsIndirectInputEvents = YES;
				INFOPLIST_KEY_UILaunchScreen_Generation = YES;
				INFOPLIST_KEY_UISupportedInterfaceOrientations_iPad = "UIInterfaceOrientationPortrait UIInterfaceOrientationPortraitUpsideDown UIInterfaceOrientationLandscapeLeft UIInterfaceOrientationLandscapeRight";
				INFOPLIST_KEY_UISupportedInterfaceOrientations_iPhone = "UIInterfaceOrientationPortrait UIInterfaceOrientationLandscapeLeft UIInterfaceOrientationLandscapeRight";
				LD_RUNPATH_SEARCH_PATHS = (
					"$(inherited)",
					"@executable_path/Frameworks",
				);
				MARKETING_VERSION = 1.0;
				PRODUCT_BUNDLE_IDENTIFIER = Sean.StarCyCreatorAnalytics;
				PRODUCT_NAME = "$(TARGET_NAME)";
				STRING_CATALOG_GENERATE_SYMBOLS = YES;
				SWIFT_APPROACHABLE_CONCURRENCY = YES;
				SWIFT_DEFAULT_ACTOR_ISOLATION = MainActor;
				SWIFT_EMIT_LOC_STRINGS = YES;
				SWIFT_UPCOMING_FEATURE_MEMBER_IMPORT_VISIBILITY = YES;
				SWIFT_VERSION = 5.0;
				TARGETED_DEVICE_FAMILY = "1,2";
			};
			name = Release;
		};
		897B5C0D2F2AEC23008785C1 /* Debug */ = {
			isa = XCBuildConfiguration;
			buildSettings = {
				BUNDLE_LOADER = "$(TEST_HOST)";
				CODE_SIGN_STYLE = Automatic;
				CURRENT_PROJECT_VERSION = 1;
				DEVELOPMENT_TEAM = 75R6X57DT2;
				GENERATE_INFOPLIST_FILE = YES;
				IPHONEOS_DEPLOYMENT_TARGET = 26.1;
				MARKETING_VERSION = 1.0;
				PRODUCT_BUNDLE_IDENTIFIER = Sean.StarCyCreatorAnalyticsTests;
				PRODUCT_NAME = "$(TARGET_NAME)";
				STRING_CATALOG_GENERATE_SYMBOLS = NO;
				SWIFT_APPROACHABLE_CONCURRENCY = YES;
				SWIFT_EMIT_LOC_STRINGS = NO;
				SWIFT_UPCOMING_FEATURE_MEMBER_IMPORT_VISIBILITY = YES;
				SWIFT_VERSION = 5.0;
				TARGETED_DEVICE_FAMILY = "1,2";
				TEST_HOST = "$(BUILT_PRODUCTS_DIR)/StarCyCreatorAnalytics.app/$(BUNDLE_EXECUTABLE_FOLDER_PATH)/StarCyCreatorAnalytics";
			};
			name = Debug;
		};
		897B5C0E2F2AEC23008785C1 /* Release */ = {
			isa = XCBuildConfiguration;
			buildSettings = {
				BUNDLE_LOADER = "$(TEST_HOST)";
				CODE_SIGN_STYLE = Automatic;
				CURRENT_PROJECT_VERSION = 1;
				DEVELOPMENT_TEAM = 75R6X57DT2;
				GENERATE_INFOPLIST_FILE = YES;
				IPHONEOS_DEPLOYMENT_TARGET = 26.1;
				MARKETING_VERSION = 1.0;
				PRODUCT_BUNDLE_IDENTIFIER = Sean.StarCyCreatorAnalyticsTests;
				PRODUCT_NAME = "$(TARGET_NAME)";
				STRING_CATALOG_GENERATE_SYMBOLS = NO;
				SWIFT_APPROACHABLE_CONCURRENCY = YES;
				SWIFT_EMIT_LOC_STRINGS = NO;
				SWIFT_UPCOMING_FEATURE_MEMBER_IMPORT_VISIBILITY = YES;
				SWIFT_VERSION = 5.0;
				TARGETED_DEVICE_FAMILY = "1,2";
				TEST_HOST = "$(BUILT_PRODUCTS_DIR)/StarCyCreatorAnalytics.app/$(BUNDLE_EXECUTABLE_FOLDER_PATH)/StarCyCreatorAnalytics";
			};
			name = Release;
		};
		897B5C102F2AEC23008785C1 /* Debug */ = {
			isa = XCBuildConfiguration;
			buildSettings = {
				CODE_SIGN_STYLE = Automatic;
				CURRENT_PROJECT_VERSION = 1;
				GENERATE_INFOPLIST_FILE = YES;
				MARKETING_VERSION = 1.0;
				PRODUCT_BUNDLE_IDENTIFIER = Sean.StarCyCreatorAnalyticsUITests;
				PRODUCT_NAME = "$(TARGET_NAME)";
				STRING_CATALOG_GENERATE_SYMBOLS = NO;
				SWIFT_APPROACHABLE_CONCURRENCY = YES;
				SWIFT_EMIT_LOC_STRINGS = NO;
				SWIFT_UPCOMING_FEATURE_MEMBER_IMPORT_VISIBILITY = YES;
				SWIFT_VERSION = 5.0;
				TARGETED_DEVICE_FAMILY = "1,2";
				TEST_TARGET_NAME = StarCyCreatorAnalytics;
			};
			name = Debug;
		};
		897B5C112F2AEC23008785C1 /* Release */ = {
			isa = XCBuildConfiguration;
			buildSettings = {
				CODE_SIGN_STYLE = Automatic;
				CURRENT_PROJECT_VERSION = 1;
				GENERATE_INFOPLIST_FILE = YES;
				MARKETING_VERSION = 1.0;
				PRODUCT_BUNDLE_IDENTIFIER = Sean.StarCyCreatorAnalyticsUITests;
				PRODUCT_NAME = "$(TARGET_NAME)";
				STRING_CATALOG_GENERATE_SYMBOLS = NO;
				SWIFT_APPROACHABLE_CONCURRENCY = YES;
				SWIFT_EMIT_LOC_STRINGS = NO;
				SWIFT_UPCOMING_FEATURE_MEMBER_IMPORT_VISIBILITY = YES;
				SWIFT_VERSION = 5.0;
				TARGETED_DEVICE_FAMILY = "1,2";
				TEST_TARGET_NAME = StarCyCreatorAnalytics;
			};
			name = Release;
		};
		897B5C382F2AED56008785C1 /* Debug */ = {
			isa = XCBuildConfiguration;
			buildSettings = {
				ASSETCATALOG_COMPILER_GLOBAL_ACCENT_COLOR_NAME = AccentColor;
				ASSETCATALOG_COMPILER_WIDGET_BACKGROUND_COLOR_NAME = WidgetBackground;
				CODE_SIGN_STYLE = Automatic;
				CURRENT_PROJECT_VERSION = 1;
				DEVELOPMENT_TEAM = 75R6X57DT2;
				GENERATE_INFOPLIST_FILE = YES;
				INFOPLIST_FILE = CreatorAnalyticsWidget/Info.plist;
				INFOPLIST_KEY_CFBundleDisplayName = CreatorAnalyticsWidget;
				INFOPLIST_KEY_NSHumanReadableCopyright = "";
				LD_RUNPATH_SEARCH_PATHS = (
					"$(inherited)",
					"@executable_path/Frameworks",
					"@executable_path/../../Frameworks",
				);
				MARKETING_VERSION = 1.0;
				PRODUCT_BUNDLE_IDENTIFIER = Sean.StarCyCreatorAnalytics.CreatorAnalyticsWidget;
				PRODUCT_NAME = "$(TARGET_NAME)";
				SKIP_INSTALL = YES;
				STRING_CATALOG_GENERATE_SYMBOLS = YES;
				SWIFT_APPROACHABLE_CONCURRENCY = YES;
				SWIFT_EMIT_LOC_STRINGS = YES;
				SWIFT_UPCOMING_FEATURE_MEMBER_IMPORT_VISIBILITY = YES;
				SWIFT_VERSION = 5.0;
				TARGETED_DEVICE_FAMILY = "1,2";
			};
			name = Debug;
		};
		897B5C392F2AED56008785C1 /* Release */ = {
			isa = XCBuildConfiguration;
			buildSettings = {
				ASSETCATALOG_COMPILER_GLOBAL_ACCENT_COLOR_NAME = AccentColor;
				ASSETCATALOG_COMPILER_WIDGET_BACKGROUND_COLOR_NAME = WidgetBackground;
				CODE_SIGN_STYLE = Automatic;
				CURRENT_PROJECT_VERSION = 1;
				DEVELOPMENT_TEAM = 75R6X57DT2;
				GENERATE_INFOPLIST_FILE = YES;
				INFOPLIST_FILE = CreatorAnalyticsWidget/Info.plist;
				INFOPLIST_KEY_CFBundleDisplayName = CreatorAnalyticsWidget;
				INFOPLIST_KEY_NSHumanReadableCopyright = "";
				LD_RUNPATH_SEARCH_PATHS = (
					"$(inherited)",
					"@executable_path/Frameworks",
					"@executable_path/../../Frameworks",
				);
				MARKETING_VERSION = 1.0;
				PRODUCT_BUNDLE_IDENTIFIER = Sean.StarCyCreatorAnalytics.CreatorAnalyticsWidget;
				PRODUCT_NAME = "$(TARGET_NAME)";
				SKIP_INSTALL = YES;
				STRING_CATALOG_GENERATE_SYMBOLS = YES;
				SWIFT_APPROACHABLE_CONCURRENCY = YES;
				SWIFT_EMIT_LOC_STRINGS = YES;
				SWIFT_UPCOMING_FEATURE_MEMBER_IMPORT_VISIBILITY = YES;
				SWIFT_VERSION = 5.0;
				TARGETED_DEVICE_FAMILY = "1,2";
			};
			name = Release;
		};
/* End XCBuildConfiguration section */

/* Begin XCConfigurationList section */
		897B5BE32F2AEC22008785C1 /* Build configuration list for PBXProject "StarCyCreatorAnalytics" */ = {
			isa = XCConfigurationList;
			buildConfigurations = (
				897B5C072F2AEC23008785C1 /* Debug */,
				897B5C082F2AEC23008785C1 /* Release */,
			);
			defaultConfigurationIsVisible = 0;
			defaultConfigurationName = Release;
		};
		897B5C092F2AEC23008785C1 /* Build configuration list for PBXNativeTarget "StarCyCreatorAnalytics" */ = {
			isa = XCConfigurationList;
			buildConfigurations = (
				897B5C0A2F2AEC23008785C1 /* Debug */,
				897B5C0B2F2AEC23008785C1 /* Release */,
			);
			defaultConfigurationIsVisible = 0;
			defaultConfigurationName = Release;
		};
		897B5C0C2F2AEC23008785C1 /* Build configuration list for PBXNativeTarget "StarCyCreatorAnalyticsTests" */ = {
			isa = XCConfigurationList;
			buildConfigurations = (
				897B5C0D2F2AEC23008785C1 /* Debug */,
				897B5C0E2F2AEC23008785C1 /* Release */,
			);
			defaultConfigurationIsVisible = 0;
			defaultConfigurationName = Release;
		};
		897B5C0F2F2AEC23008785C1 /* Build configuration list for PBXNativeTarget "StarCyCreatorAnalyticsUITests" */ = {
			isa = XCConfigurationList;
			buildConfigurations = (
				897B5C102F2AEC23008785C1 /* Debug */,
				897B5C112F2AEC23008785C1 /* Release */,
			);
			defaultConfigurationIsVisible = 0;
			defaultConfigurationName = Release;
		};
		897B5C3B2F2AED56008785C1 /* Build configuration list for PBXNativeTarget "CreatorAnalyticsWidgetExtension" */ = {
			isa = XCConfigurationList;
			buildConfigurations = (
				897B5C382F2AED56008785C1 /* Debug */,
				897B5C392F2AED56008785C1 /* Release */,
			);
			defaultConfigurationIsVisible = 0;
			defaultConfigurationName = Release;
		};
/* End XCConfigurationList section */
	};
	rootObject = 897B5BE02F2AEC22008785C1 /* Project object */;
}
